// !$*UTF8*$!
{
	archiveVersion = 1;
	classes = {
	};
	objectVersion = 48;
	objects = {

/* Begin PBXBuildFile section */
		7C52FBE620CA6C3700B28766 /* DetailTableViewController.swift in Sources */ = {isa = PBXBuildFile; fileRef = 7C52FBE520CA6C3700B28766 /* DetailTableViewController.swift */; };
		7C52FBE820CA75C200B28766 /* DetailTableViewCell.swift in Sources */ = {isa = PBXBuildFile; fileRef = 7C52FBE720CA75C200B28766 /* DetailTableViewCell.swift */; };
		7CFF4B8620CA3D6F004FB0F3 /* AppDelegate.swift in Sources */ = {isa = PBXBuildFile; fileRef = 7CFF4B8520CA3D6F004FB0F3 /* AppDelegate.swift */; };
		7CFF4B8820CA3D6F004FB0F3 /* ViewController.swift in Sources */ = {isa = PBXBuildFile; fileRef = 7CFF4B8720CA3D6F004FB0F3 /* ViewController.swift */; };
		7CFF4B8B20CA3D6F004FB0F3 /* Main.storyboard in Resources */ = {isa = PBXBuildFile; fileRef = 7CFF4B8920CA3D6F004FB0F3 /* Main.storyboard */; };
		7CFF4B8D20CA3D6F004FB0F3 /* Assets.xcassets in Resources */ = {isa = PBXBuildFile; fileRef = 7CFF4B8C20CA3D6F004FB0F3 /* Assets.xcassets */; };
		7CFF4B9020CA3D6F004FB0F3 /* LaunchScreen.storyboard in Resources */ = {isa = PBXBuildFile; fileRef = 7CFF4B8E20CA3D6F004FB0F3 /* LaunchScreen.storyboard */; };
		7CFF4B9820CA5405004FB0F3 /* TableViewController.swift in Sources */ = {isa = PBXBuildFile; fileRef = 7CFF4B9720CA5405004FB0F3 /* TableViewController.swift */; };
		7CFF4B9A20CA5F39004FB0F3 /* TableViewCell.swift in Sources */ = {isa = PBXBuildFile; fileRef = 7CFF4B9920CA5F39004FB0F3 /* TableViewCell.swift */; };
/* End PBXBuildFile section */

/* Begin PBXFileReference section */
		7C52FBE520CA6C3700B28766 /* DetailTableViewController.swift */ = {isa = PBXFileReference; lastKnownFileType = sourcecode.swift; path = DetailTableViewController.swift; sourceTree = "<group>"; };
		7C52FBE720CA75C200B28766 /* DetailTableViewCell.swift */ = {isa = PBXFileReference; lastKnownFileType = sourcecode.swift; path = DetailTableViewCell.swift; sourceTree = "<group>"; };
		7CFF4B8220CA3D6F004FB0F3 /* DITDelivery.app */ = {isa = PBXFileReference; explicitFileType = wrapper.application; includeInIndex = 0; path = DITDelivery.app; sourceTree = BUILT_PRODUCTS_DIR; };
		7CFF4B8520CA3D6F004FB0F3 /* AppDelegate.swift */ = {isa = PBXFileReference; lastKnownFileType = sourcecode.swift; path = AppDelegate.swift; sourceTree = "<group>"; };
		7CFF4B8720CA3D6F004FB0F3 /* ViewController.swift */ = {isa = PBXFileReference; lastKnownFileType = sourcecode.swift; path = ViewController.swift; sourceTree = "<group>"; };
		7CFF4B8A20CA3D6F004FB0F3 /* Base */ = {isa = PBXFileReference; lastKnownFileType = file.storyboard; name = Base; path = Base.lproj/Main.storyboard; sourceTree = "<group>"; };
		7CFF4B8C20CA3D6F004FB0F3 /* Assets.xcassets */ = {isa = PBXFileReference; lastKnownFileType = folder.assetcatalog; path = Assets.xcassets; sourceTree = "<group>"; };
		7CFF4B8F20CA3D6F004FB0F3 /* Base */ = {isa = PBXFileReference; lastKnownFileType = file.storyboard; name = Base; path = Base.lproj/LaunchScreen.storyboard; sourceTree = "<group>"; };
		7CFF4B9120CA3D6F004FB0F3 /* Info.plist */ = {isa = PBXFileReference; lastKnownFileType = text.plist.xml; path = Info.plist; sourceTree = "<group>"; };
		7CFF4B9720CA5405004FB0F3 /* TableViewController.swift */ = {isa = PBXFileReference; lastKnownFileType = sourcecode.swift; path = TableViewController.swift; sourceTree = "<group>"; };
		7CFF4B9920CA5F39004FB0F3 /* TableViewCell.swift */ = {isa = PBXFileReference; lastKnownFileType = sourcecode.swift; path = TableViewCell.swift; sourceTree = "<group>"; };
/* End PBXFileReference section */

/* Begin PBXFrameworksBuildPhase section */
		7CFF4B7F20CA3D6F004FB0F3 /* Frameworks */ = {
			isa = PBXFrameworksBuildPhase;
			buildActionMask = 2147483647;
			files = (
			);
			runOnlyForDeploymentPostprocessing = 0;
		};
/* End PBXFrameworksBuildPhase section */

/* Begin PBXGroup section */
		7CFF4B7920CA3D6F004FB0F3 = {
			isa = PBXGroup;
			children = (
				7CFF4B8420CA3D6F004FB0F3 /* DITDelivery */,
				7CFF4B8320CA3D6F004FB0F3 /* Products */,
			);
			sourceTree = "<group>";
		};
		7CFF4B8320CA3D6F004FB0F3 /* Products */ = {
			isa = PBXGroup;
			children = (
				7CFF4B8220CA3D6F004FB0F3 /* DITDelivery.app */,
			);
			name = Products;
			sourceTree = "<group>";
		};
		7CFF4B8420CA3D6F004FB0F3 /* DITDelivery */ = {
			isa = PBXGroup;
			children = (
				7CFF4B8520CA3D6F004FB0F3 /* AppDelegate.swift */,
				7CFF4B8720CA3D6F004FB0F3 /* ViewController.swift */,
				7CFF4B8920CA3D6F004FB0F3 /* Main.storyboard */,
				7C52FBE520CA6C3700B28766 /* DetailTableViewController.swift */,
				7CFF4B9920CA5F39004FB0F3 /* TableViewCell.swift */,
				7C52FBE720CA75C200B28766 /* DetailTableViewCell.swift */,
				7CFF4B9720CA5405004FB0F3 /* TableViewController.swift */,
				7CFF4B8C20CA3D6F004FB0F3 /* Assets.xcassets */,
				7CFF4B8E20CA3D6F004FB0F3 /* LaunchScreen.storyboard */,
				7CFF4B9120CA3D6F004FB0F3 /* Info.plist */,
			);
			path = DITDelivery;
			sourceTree = "<group>";
		};
/* End PBXGroup section */

/* Begin PBXNativeTarget section */
		7CFF4B8120CA3D6F004FB0F3 /* DITDelivery */ = {
			isa = PBXNativeTarget;
			buildConfigurationList = 7CFF4B9420CA3D6F004FB0F3 /* Build configuration list for PBXNativeTarget "DITDelivery" */;
			buildPhases = (
				7CFF4B7E20CA3D6F004FB0F3 /* Sources */,
				7CFF4B7F20CA3D6F004FB0F3 /* Frameworks */,
				7CFF4B8020CA3D6F004FB0F3 /* Resources */,
			);
			buildRules = (
			);
			dependencies = (
			);
			name = DITDelivery;
			productName = DITDelivery;
			productReference = 7CFF4B8220CA3D6F004FB0F3 /* DITDelivery.app */;
			productType = "com.apple.product-type.application";
		};
/* End PBXNativeTarget section */

/* Begin PBXProject section */
		7CFF4B7A20CA3D6F004FB0F3 /* Project object */ = {
			isa = PBXProject;
			attributes = {
				LastSwiftUpdateCheck = 0920;
				LastUpgradeCheck = 0920;
				ORGANIZATIONNAME = D7703_03;
				TargetAttributes = {
					7CFF4B8120CA3D6F004FB0F3 = {
						CreatedOnToolsVersion = 9.2;
						ProvisioningStyle = Automatic;
					};
				};
			};
			buildConfigurationList = 7CFF4B7D20CA3D6F004FB0F3 /* Build configuration list for PBXProject "DITDelivery" */;
			compatibilityVersion = "Xcode 8.0";
			developmentRegion = en;
			hasScannedForEncodings = 0;
			knownRegions = (
				en,
				Base,
			);
			mainGroup = 7CFF4B7920CA3D6F004FB0F3;
			productRefGroup = 7CFF4B8320CA3D6F004FB0F3 /* Products */;
			projectDirPath = "";
			projectRoot = "";
			targets = (
				7CFF4B8120CA3D6F004FB0F3 /* DITDelivery */,
			);
		};
/* End PBXProject section */

/* Begin PBXResourcesBuildPhase section */
		7CFF4B8020CA3D6F004FB0F3 /* Resources */ = {
			isa = PBXResourcesBuildPhase;
			buildActionMask = 2147483647;
			files = (
				7CFF4B9020CA3D6F004FB0F3 /* LaunchScreen.storyboard in Resources */,
				7CFF4B8D20CA3D6F004FB0F3 /* Assets.xcassets in Resources */,
				7CFF4B8B20CA3D6F004FB0F3 /* Main.storyboard in Resources */,
			);
			runOnlyForDeploymentPostprocessing = 0;
		};
/* End PBXResourcesBuildPhase section */

/* Begin PBXSourcesBuildPhase section */
		7CFF4B7E20CA3D6F004FB0F3 /* Sources */ = {
			isa = PBXSourcesBuildPhase;
			buildActionMask = 2147483647;
			files = (
				7C52FBE820CA75C200B28766 /* DetailTableViewCell.swift in Sources */,
				7CFF4B8820CA3D6F004FB0F3 /* ViewController.swift in Sources */,
				7C52FBE620CA6C3700B28766 /* DetailTableViewController.swift in Sources */,
				7CFF4B9A20CA5F39004FB0F3 /* TableViewCell.swift in Sources */,
				7CFF4B9820CA5405004FB0F3 /* TableViewController.swift in Sources */,
				7CFF4B8620CA3D6F004FB0F3 /* AppDelegate.swift in Sources */,
			);
			runOnlyForDeploymentPostprocessing = 0;
		};
/* End PBXSourcesBuildPhase section */

/* Begin PBXVariantGroup section */
		7CFF4B8920CA3D6F004FB0F3 /* Main.storyboard */ = {
			isa = PBXVariantGroup;
			children = (
				7CFF4B8A20CA3D6F004FB0F3 /* Base */,
			);
			name = Main.storyboard;
			sourceTree = "<group>";
		};
		7CFF4B8E20CA3D6F004FB0F3 /* LaunchScreen.storyboard */ = {
			isa = PBXVariantGroup;
			children = (
				7CFF4B8F20CA3D6F004FB0F3 /* Base */,
			);
			name = LaunchScreen.storyboard;
			sourceTree = "<group>";
		};
/* End PBXVariantGroup section */

/* Begin XCBuildConfiguration section */
		7CFF4B9220CA3D6F004FB0F3 /* Debug */ = {
			isa = XCBuildConfiguration;
			buildSettings = {
				ALWAYS_SEARCH_USER_PATHS = NO;
				CLANG_ANALYZER_NONNULL = YES;
				CLANG_ANALYZER_NUMBER_OBJECT_CONVERSION = YES_AGGRESSIVE;
				CLANG_CXX_LANGUAGE_STANDARD = "gnu++14";
				CLANG_CXX_LIBRARY = "libc++";
				CLANG_ENABLE_MODULES = YES;
				CLANG_ENABLE_OBJC_ARC = YES;
				CLANG_WARN_BLOCK_CAPTURE_AUTORELEASING = YES;
				CLANG_WARN_BOOL_CONVERSION = YES;
				CLANG_WARN_COMMA = YES;
				CLANG_WARN_CONSTANT_CONVERSION = YES;
				CLANG_WARN_DIRECT_OBJC_ISA_USAGE = YES_ERROR;
				CLANG_WARN_DOCUMENTATION_COMMENTS = YES;
				CLANG_WARN_EMPTY_BODY = YES;
				CLANG_WARN_ENUM_CONVERSION = YES;
				CLANG_WARN_INFINITE_RECURSION = YES;
				CLANG_WARN_INT_CONVERSION = YES;
				CLANG_WARN_NON_LITERAL_NULL_CONVERSION = YES;
				CLANG_WARN_OBJC_LITERAL_CONVERSION = YES;
				CLANG_WARN_OBJC_ROOT_CLASS = YES_ERROR;
				CLANG_WARN_RANGE_LOOP_ANALYSIS = YES;
				CLANG_WARN_STRICT_PROTOTYPES = YES;
				CLANG_WARN_SUSPICIOUS_MOVE = YES;
				CLANG_WARN_UNGUARDED_AVAILABILITY = YES_AGGRESSIVE;
				CLANG_WARN_UNREACHABLE_CODE = YES;
				CLANG_WARN__DUPLICATE_METHOD_MATCH = YES;
				CODE_SIGN_IDENTITY = "iPhone Developer";
				COPY_PHASE_STRIP = NO;
				DEBUG_INFORMATION_FORMAT = dwarf;
				ENABLE_STRICT_OBJC_MSGSEND = YES;
				ENABLE_TESTABILITY = YES;
				GCC_C_LANGUAGE_STANDARD = gnu11;
				GCC_DYNAMIC_NO_PIC = NO;
				GCC_NO_COMMON_BLOCKS = YES;
				GCC_OPTIMIZATION_LEVEL = 0;
				GCC_PREPROCESSOR_DEFINITIONS = (
					"DEBUG=1",
					"$(inherited)",
				);
				GCC_WARN_64_TO_32_BIT_CONVERSION = YES;
				GCC_WARN_ABOUT_RETURN_TYPE = YES_ERROR;
				GCC_WARN_UNDECLARED_SELECTOR = YES;
				GCC_WARN_UNINITIALIZED_AUTOS = YES_AGGRESSIVE;
				GCC_WARN_UNUSED_FUNCTION = YES;
				GCC_WARN_UNUSED_VARIABLE = YES;
				IPHONEOS_DEPLOYMENT_TARGET = 11.2;
				MTL_ENABLE_DEBUG_INFO = YES;
				ONLY_ACTIVE_ARCH = YES;
				SDKROOT = iphoneos;
				SWIFT_ACTIVE_COMPILATION_CONDITIONS = DEBUG;
				SWIFT_OPTIMIZATION_LEVEL = "-Onone";
			};
			name = Debug;
		};
		7CFF4B9320CA3D6F004FB0F3 /* Release */ = {
			isa = XCBuildConfiguration;
			buildSettings = {
				ALWAYS_SEARCH_USER_PATHS = NO;
				CLANG_ANALYZER_NONNULL = YES;
				CLANG_ANALYZER_NUMBER_OBJECT_CONVERSION = YES_AGGRESSIVE;
				CLANG_CXX_LANGUAGE_STANDARD = "gnu++14";
				CLANG_CXX_LIBRARY = "libc++";
				CLANG_ENABLE_MODULES = YES;
				CLANG_ENABLE_OBJC_ARC = YES;
				CLANG_WARN_BLOCK_CAPTURE_AUTORELEASING = YES;
				CLANG_WARN_BOOL_CONVERSION = YES;
				CLANG_WARN_COMMA = YES;
				CLANG_WARN_CONSTANT_CONVERSION = YES;
				CLANG_WARN_DIRECT_OBJC_ISA_USAGE = YES_ERROR;
				CLANG_WARN_DOCUMENTATION_COMMENTS = YES;
				CLANG_WARN_EMPTY_BODY = YES;
				CLANG_WARN_ENUM_CONVERSION = YES;
				CLANG_WARN_INFINITE_RECURSION = YES;
				CLANG_WARN_INT_CONVERSION = YES;
				CLANG_WARN_NON_LITERAL_NULL_CONVERSION = YES;
				CLANG_WARN_OBJC_LITERAL_CONVERSION = YES;
				CLANG_WARN_OBJC_ROOT_CLASS = YES_ERROR;
				CLANG_WARN_RANGE_LOOP_ANALYSIS = YES;
				CLANG_WARN_STRICT_PROTOTYPES = YES;
				CLANG_WARN_SUSPICIOUS_MOVE = YES;
				CLANG_WARN_UNGUARDED_AVAILABILITY = YES_AGGRESSIVE;
				CLANG_WARN_UNREACHABLE_CODE = YES;
				CLANG_WARN__DUPLICATE_METHOD_MATCH = YES;
				CODE_SIGN_IDENTITY = "iPhone Developer";
				COPY_PHASE_STRIP = NO;
				DEBUG_INFORMATION_FORMAT = "dwarf-with-dsym";
				ENABLE_NS_ASSERTIONS = NO;
				ENABLE_STRICT_OBJC_MSGSEND = YES;
				GCC_C_LANGUAGE_STANDARD = gnu11;
				GCC_NO_COMMON_BLOCKS = YES;
				GCC_WARN_64_TO_32_BIT_CONVERSION = YES;
				GCC_WARN_ABOUT_RETURN_TYPE = YES_ERROR;
				GCC_WARN_UNDECLARED_SELECTOR = YES;
				GCC_WARN_UNINITIALIZED_AUTOS = YES_AGGRESSIVE;
				GCC_WARN_UNUSED_FUNCTION = YES;
				GCC_WARN_UNUSED_VARIABLE = YES;
				IPHONEOS_DEPLOYMENT_TARGET = 11.2;
				MTL_ENABLE_DEBUG_INFO = NO;
				SDKROOT = iphoneos;
				SWIFT_OPTIMIZATION_LEVEL = "-Owholemodule";
				VALIDATE_PRODUCT = YES;
			};
			name = Release;
		};
		7CFF4B9520CA3D6F004FB0F3 /* Debug */ = {
			isa = XCBuildConfiguration;
			buildSettings = {
				ASSETCATALOG_COMPILER_APPICON_NAME = AppIcon;
				CODE_SIGN_STYLE = Automatic;
				INFOPLIST_FILE = DITDelivery/Info.plist;
				LD_RUNPATH_SEARCH_PATHS = "$(inherited) @executable_path/Frameworks";
				PRODUCT_BUNDLE_IDENTIFIER = "-.DITDelivery";
				PRODUCT_NAME = "$(TARGET_NAME)";
				SWIFT_VERSION = 4.0;
				TARGETED_DEVICE_FAMILY = "1,2";
			};
			name = Debug;
		};
		7CFF4B9620CA3D6F004FB0F3 /* Release */ = {
			isa = XCBuildConfiguration;
			buildSettings = {
				ASSETCATALOG_COMPILER_APPICON_NAME = AppIcon;
				CODE_SIGN_STYLE = Automatic;
				INFOPLIST_FILE = DITDelivery/Info.plist;
				LD_RUNPATH_SEARCH_PATHS = "$(inherited) @executable_path/Frameworks";
				PRODUCT_BUNDLE_IDENTIFIER = "-.DITDelivery";
				PRODUCT_NAME = "$(TARGET_NAME)";
				SWIFT_VERSION = 4.0;
				TARGETED_DEVICE_FAMILY = "1,2";
			};
			name = Release;
		};
/* End XCBuildConfiguration section */

/* Begin XCConfigurationList section */
		7CFF4B7D20CA3D6F004FB0F3 /* Build configuration list for PBXProject "DITDelivery" */ = {
			isa = XCConfigurationList;
			buildConfigurations = (
				7CFF4B9220CA3D6F004FB0F3 /* Debug */,
				7CFF4B9320CA3D6F004FB0F3 /* Release */,
			);
			defaultConfigurationIsVisible = 0;
			defaultConfigurationName = Release;
		};
		7CFF4B9420CA3D6F004FB0F3 /* Build configuration list for PBXNativeTarget "DITDelivery" */ = {
			isa = XCConfigurationList;
			buildConfigurations = (
				7CFF4B9520CA3D6F004FB0F3 /* Debug */,
				7CFF4B9620CA3D6F004FB0F3 /* Release */,
			);
			defaultConfigurationIsVisible = 0;
			defaultConfigurationName = Release;
		};
/* End XCConfigurationList section */
	};
	rootObject = 7CFF4B7A20CA3D6F004FB0F3 /* Project object */;
}
